// !$*UTF8*$!
{
	archiveVersion = 1;
	classes = {
	};
	objectVersion = 46;
	objects = {

/* Begin PBXBuildFile section */
		263362F618D2334E0033BC76 /* Foundation.framework in Frameworks */ = {isa = PBXBuildFile; fileRef = 263362F518D2334E0033BC76 /* Foundation.framework */; };
		263362F818D2334E0033BC76 /* CoreGraphics.framework in Frameworks */ = {isa = PBXBuildFile; fileRef = 263362F718D2334E0033BC76 /* CoreGraphics.framework */; };
		263362FA18D2334E0033BC76 /* UIKit.framework in Frameworks */ = {isa = PBXBuildFile; fileRef = 263362F918D2334E0033BC76 /* UIKit.framework */; };
		2633630018D2334E0033BC76 /* InfoPlist.strings in Resources */ = {isa = PBXBuildFile; fileRef = 263362FE18D2334E0033BC76 /* InfoPlist.strings */; };
		2633630218D2334E0033BC76 /* main.m in Sources */ = {isa = PBXBuildFile; fileRef = 2633630118D2334E0033BC76 /* main.m */; };
		2633630618D2334E0033BC76 /* AppDelegate.m in Sources */ = {isa = PBXBuildFile; fileRef = 2633630518D2334E0033BC76 /* AppDelegate.m */; };
		2633630918D2334E0033BC76 /* Main.storyboard in Resources */ = {isa = PBXBuildFile; fileRef = 2633630718D2334E0033BC76 /* Main.storyboard */; };
		2633630C18D2334E0033BC76 /* ViewController.m in Sources */ = {isa = PBXBuildFile; fileRef = 2633630B18D2334E0033BC76 /* ViewController.m */; };
		2633630E18D2334E0033BC76 /* Images.xcassets in Resources */ = {isa = PBXBuildFile; fileRef = 2633630D18D2334E0033BC76 /* Images.xcassets */; };
		2633631518D2334E0033BC76 /* XCTest.framework in Frameworks */ = {isa = PBXBuildFile; fileRef = 2633631418D2334E0033BC76 /* XCTest.framework */; };
		2633631618D2334E0033BC76 /* Foundation.framework in Frameworks */ = {isa = PBXBuildFile; fileRef = 263362F518D2334E0033BC76 /* Foundation.framework */; };
		2633631718D2334E0033BC76 /* UIKit.framework in Frameworks */ = {isa = PBXBuildFile; fileRef = 263362F918D2334E0033BC76 /* UIKit.framework */; };
		2633631F18D2334E0033BC76 /* InfoPlist.strings in Resources */ = {isa = PBXBuildFile; fileRef = 2633631D18D2334E0033BC76 /* InfoPlist.strings */; };
		2633632118D2334E0033BC76 /* TicTacToeTests.m in Sources */ = {isa = PBXBuildFile; fileRef = 2633632018D2334E0033BC76 /* TicTacToeTests.m */; };
/* End PBXBuildFile section */

/* Begin PBXContainerItemProxy section */
		2633631818D2334E0033BC76 /* PBXContainerItemProxy */ = {
			isa = PBXContainerItemProxy;
			containerPortal = 263362EA18D2334E0033BC76 /* Project object */;
			proxyType = 1;
			remoteGlobalIDString = 263362F118D2334E0033BC76;
			remoteInfo = TicTacToe;
		};
/* End PBXContainerItemProxy section */

/* Begin PBXFileReference section */
		263362F218D2334E0033BC76 /* TicTacToe.app */ = {isa = PBXFileReference; explicitFileType = wrapper.application; includeInIndex = 0; path = TicTacToe.app; sourceTree = BUILT_PRODUCTS_DIR; };
		263362F518D2334E0033BC76 /* Foundation.framework */ = {isa = PBXFileReference; lastKnownFileType = wrapper.framework; name = Foundation.framework; path = System/Library/Frameworks/Foundation.framework; sourceTree = SDKROOT; };
		263362F718D2334E0033BC76 /* CoreGraphics.framework */ = {isa = PBXFileReference; lastKnownFileType = wrapper.framework; name = CoreGraphics.framework; path = System/Library/Frameworks/CoreGraphics.framework; sourceTree = SDKROOT; };
		263362F918D2334E0033BC76 /* UIKit.framework */ = {isa = PBXFileReference; lastKnownFileType = wrapper.framework; name = UIKit.framework; path = System/Library/Frameworks/UIKit.framework; sourceTree = SDKROOT; };
		263362FD18D2334E0033BC76 /* TicTacToe-Info.plist */ = {isa = PBXFileReference; lastKnownFileType = text.plist.xml; path = "TicTacToe-Info.plist"; sourceTree = "<group>"; };
		263362FF18D2334E0033BC76 /* en */ = {isa = PBXFileReference; lastKnownFileType = text.plist.strings; name = en; path = en.lproj/InfoPlist.strings; sourceTree = "<group>"; };
		2633630118D2334E0033BC76 /* main.m */ = {isa = PBXFileReference; lastKnownFileType = sourcecode.c.objc; path = main.m; sourceTree = "<group>"; };
		2633630318D2334E0033BC76 /* TicTacToe-Prefix.pch */ = {isa = PBXFileReference; lastKnownFileType = sourcecode.c.h; path = "TicTacToe-Prefix.pch"; sourceTree = "<group>"; };
		2633630418D2334E0033BC76 /* AppDelegate.h */ = {isa = PBXFileReference; lastKnownFileType = sourcecode.c.h; path = AppDelegate.h; sourceTree = "<group>"; };
		2633630518D2334E0033BC76 /* AppDelegate.m */ = {isa = PBXFileReference; lastKnownFileType = sourcecode.c.objc; path = AppDelegate.m; sourceTree = "<group>"; };
		2633630818D2334E0033BC76 /* Base */ = {isa = PBXFileReference; lastKnownFileType = file.storyboard; name = Base; path = Base.lproj/Main.storyboard; sourceTree = "<group>"; };
		2633630A18D2334E0033BC76 /* ViewController.h */ = {isa = PBXFileReference; lastKnownFileType = sourcecode.c.h; path = ViewController.h; sourceTree = "<group>"; };
		2633630B18D2334E0033BC76 /* ViewController.m */ = {isa = PBXFileReference; lastKnownFileType = sourcecode.c.objc; path = ViewController.m; sourceTree = "<group>"; };
		2633630D18D2334E0033BC76 /* Images.xcassets */ = {isa = PBXFileReference; lastKnownFileType = folder.assetcatalog; path = Images.xcassets; sourceTree = "<group>"; };
		2633631318D2334E0033BC76 /* TicTacToeTests.xctest */ = {isa = PBXFileReference; explicitFileType = wrapper.cfbundle; includeInIndex = 0; path = TicTacToeTests.xctest; sourceTree = BUILT_PRODUCTS_DIR; };
		2633631418D2334E0033BC76 /* XCTest.framework */ = {isa = PBXFileReference; lastKnownFileType = wrapper.framework; name = XCTest.framework; path = Library/Frameworks/XCTest.framework; sourceTree = DEVELOPER_DIR; };
		2633631C18D2334E0033BC76 /* TicTacToeTests-Info.plist */ = {isa = PBXFileReference; lastKnownFileType = text.plist.xml; path = "TicTacToeTests-Info.plist"; sourceTree = "<group>"; };
		2633631E18D2334E0033BC76 /* en */ = {isa = PBXFileReference; lastKnownFileType = text.plist.strings; name = en; path = en.lproj/InfoPlist.strings; sourceTree = "<group>"; };
		2633632018D2334E0033BC76 /* TicTacToeTests.m */ = {isa = PBXFileReference; lastKnownFileType = sourcecode.c.objc; path = TicTacToeTests.m; sourceTree = "<group>"; };
/* End PBXFileReference section */

/* Begin PBXFrameworksBuildPhase section */
		263362EF18D2334E0033BC76 /* Frameworks */ = {
			isa = PBXFrameworksBuildPhase;
			buildActionMask = 2147483647;
			files = (
				263362F818D2334E0033BC76 /* CoreGraphics.framework in Frameworks */,
				263362FA18D2334E0033BC76 /* UIKit.framework in Frameworks */,
				263362F618D2334E0033BC76 /* Foundation.framework in Frameworks */,
			);
			runOnlyForDeploymentPostprocessing = 0;
		};
		2633631018D2334E0033BC76 /* Frameworks */ = {
			isa = PBXFrameworksBuildPhase;
			buildActionMask = 2147483647;
			files = (
				2633631518D2334E0033BC76 /* XCTest.framework in Frameworks */,
				2633631718D2334E0033BC76 /* UIKit.framework in Frameworks */,
				2633631618D2334E0033BC76 /* Foundation.framework in Frameworks */,
			);
			runOnlyForDeploymentPostprocessing = 0;
		};
/* End PBXFrameworksBuildPhase section */

/* Begin PBXGroup section */
		263362E918D2334E0033BC76 = {
			isa = PBXGroup;
			children = (
				263362FB18D2334E0033BC76 /* TicTacToe */,
				2633631A18D2334E0033BC76 /* TicTacToeTests */,
				263362F418D2334E0033BC76 /* Frameworks */,
				263362F318D2334E0033BC76 /* Products */,
			);
			sourceTree = "<group>";
		};
		263362F318D2334E0033BC76 /* Products */ = {
			isa = PBXGroup;
			children = (
				263362F218D2334E0033BC76 /* TicTacToe.app */,
				2633631318D2334E0033BC76 /* TicTacToeTests.xctest */,
			);
			name = Products;
			sourceTree = "<group>";
		};
		263362F418D2334E0033BC76 /* Frameworks */ = {
			isa = PBXGroup;
			children = (
				263362F518D2334E0033BC76 /* Foundation.framework */,
				263362F718D2334E0033BC76 /* CoreGraphics.framework */,
				263362F918D2334E0033BC76 /* UIKit.framework */,
				2633631418D2334E0033BC76 /* XCTest.framework */,
			);
			name = Frameworks;
			sourceTree = "<group>";
		};
		263362FB18D2334E0033BC76 /* TicTacToe */ = {
			isa = PBXGroup;
			children = (
				2633630418D2334E0033BC76 /* AppDelegate.h */,
				2633630518D2334E0033BC76 /* AppDelegate.m */,
				2633630718D2334E0033BC76 /* Main.storyboard */,
				2633630A18D2334E0033BC76 /* ViewController.h */,
				2633630B18D2334E0033BC76 /* ViewController.m */,
				2633630D18D2334E0033BC76 /* Images.xcassets */,
				263362FC18D2334E0033BC76 /* Supporting Files */,
			);
			path = TicTacToe;
			sourceTree = "<group>";
		};
		263362FC18D2334E0033BC76 /* Supporting Files */ = {
			isa = PBXGroup;
			children = (
				263362FD18D2334E0033BC76 /* TicTacToe-Info.plist */,
				263362FE18D2334E0033BC76 /* InfoPlist.strings */,
				2633630118D2334E0033BC76 /* main.m */,
				2633630318D2334E0033BC76 /* TicTacToe-Prefix.pch */,
			);
			name = "Supporting Files";
			sourceTree = "<group>";
		};
		2633631A18D2334E0033BC76 /* TicTacToeTests */ = {
			isa = PBXGroup;
			children = (
				2633632018D2334E0033BC76 /* TicTacToeTests.m */,
				2633631B18D2334E0033BC76 /* Supporting Files */,
			);
			path = TicTacToeTests;
			sourceTree = "<group>";
		};
		2633631B18D2334E0033BC76 /* Supporting Files */ = {
			isa = PBXGroup;
			children = (
				2633631C18D2334E0033BC76 /* TicTacToeTests-Info.plist */,
				2633631D18D2334E0033BC76 /* InfoPlist.strings */,
			);
			name = "Supporting Files";
			sourceTree = "<group>";
		};
/* End PBXGroup section */

/* Begin PBXNativeTarget section */
		263362F118D2334E0033BC76 /* TicTacToe */ = {
			isa = PBXNativeTarget;
			buildConfigurationList = 2633632418D2334E0033BC76 /* Build configuration list for PBXNativeTarget "TicTacToe" */;
			buildPhases = (
				263362EE18D2334E0033BC76 /* Sources */,
				263362EF18D2334E0033BC76 /* Frameworks */,
				263362F018D2334E0033BC76 /* Resources */,
			);
			buildRules = (
			);
			dependencies = (
			);
			name = TicTacToe;
			productName = TicTacToe;
			productReference = 263362F218D2334E0033BC76 /* TicTacToe.app */;
			productType = "com.apple.product-type.application";
		};
		2633631218D2334E0033BC76 /* TicTacToeTests */ = {
			isa = PBXNativeTarget;
			buildConfigurationList = 2633632718D2334E0033BC76 /* Build configuration list for PBXNativeTarget "TicTacToeTests" */;
			buildPhases = (
				2633630F18D2334E0033BC76 /* Sources */,
				2633631018D2334E0033BC76 /* Frameworks */,
				2633631118D2334E0033BC76 /* Resources */,
			);
			buildRules = (
			);
			dependencies = (
				2633631918D2334E0033BC76 /* PBXTargetDependency */,
			);
			name = TicTacToeTests;
			productName = TicTacToeTests;
			productReference = 2633631318D2334E0033BC76 /* TicTacToeTests.xctest */;
			productType = "com.apple.product-type.bundle.unit-test";
		};
/* End PBXNativeTarget section */

/* Begin PBXProject section */
		263362EA18D2334E0033BC76 /* Project object */ = {
			isa = PBXProject;
			attributes = {
				LastUpgradeCheck = 0510;
				ORGANIZATIONNAME = "Manas Pradhan";
				TargetAttributes = {
					2633631218D2334E0033BC76 = {
						TestTargetID = 263362F118D2334E0033BC76;
					};
				};
			};
			buildConfigurationList = 263362ED18D2334E0033BC76 /* Build configuration list for PBXProject "TicTacToe" */;
			compatibilityVersion = "Xcode 3.2";
			developmentRegion = English;
			hasScannedForEncodings = 0;
			knownRegions = (
				en,
				Base,
			);
			mainGroup = 263362E918D2334E0033BC76;
			productRefGroup = 263362F318D2334E0033BC76 /* Products */;
			projectDirPath = "";
			projectRoot = "";
			targets = (
				263362F118D2334E0033BC76 /* TicTacToe */,
				2633631218D2334E0033BC76 /* TicTacToeTests */,
			);
		};
/* End PBXProject section */

/* Begin PBXResourcesBuildPhase section */
		263362F018D2334E0033BC76 /* Resources */ = {
			isa = PBXResourcesBuildPhase;
			buildActionMask = 2147483647;
			files = (
				2633630E18D2334E0033BC76 /* Images.xcassets in Resources */,
				2633630018D2334E0033BC76 /* InfoPlist.strings in Resources */,
				2633630918D2334E0033BC76 /* Main.storyboard in Resources */,
			);
			runOnlyForDeploymentPostprocessing = 0;
		};
		2633631118D2334E0033BC76 /* Resources */ = {
			isa = PBXResourcesBuildPhase;
			buildActionMask = 2147483647;
			files = (
				2633631F18D2334E0033BC76 /* InfoPlist.strings in Resources */,
			);
			runOnlyForDeploymentPostprocessing = 0;
		};
/* End PBXResourcesBuildPhase section */

/* Begin PBXSourcesBuildPhase section */
		263362EE18D2334E0033BC76 /* Sources */ = {
			isa = PBXSourcesBuildPhase;
			buildActionMask = 2147483647;
			files = (
				2633630C18D2334E0033BC76 /* ViewController.m in Sources */,
				2633630618D2334E0033BC76 /* AppDelegate.m in Sources */,
				2633630218D2334E0033BC76 /* main.m in Sources */,
			);
			runOnlyForDeploymentPostprocessing = 0;
		};
		2633630F18D2334E0033BC76 /* Sources */ = {
			isa = PBXSourcesBuildPhase;
			buildActionMask = 2147483647;
			files = (
				2633632118D2334E0033BC76 /* TicTacToeTests.m in Sources */,
			);
			runOnlyForDeploymentPostprocessing = 0;
		};
/* End PBXSourcesBuildPhase section */

/* Begin PBXTargetDependency section */
		2633631918D2334E0033BC76 /* PBXTargetDependency */ = {
			isa = PBXTargetDependency;
			target = 263362F118D2334E0033BC76 /* TicTacToe */;
			targetProxy = 2633631818D2334E0033BC76 /* PBXContainerItemProxy */;
		};
/* End PBXTargetDependency section */

/* Begin PBXVariantGroup section */
		263362FE18D2334E0033BC76 /* InfoPlist.strings */ = {
			isa = PBXVariantGroup;
			children = (
				263362FF18D2334E0033BC76 /* en */,
			);
			name = InfoPlist.strings;
			sourceTree = "<group>";
		};
		2633630718D2334E0033BC76 /* Main.storyboard */ = {
			isa = PBXVariantGroup;
			children = (
				2633630818D2334E0033BC76 /* Base */,
			);
			name = Main.storyboard;
			sourceTree = "<group>";
		};
		2633631D18D2334E0033BC76 /* InfoPlist.strings */ = {
			isa = PBXVariantGroup;
			children = (
				2633631E18D2334E0033BC76 /* en */,
			);
			name = InfoPlist.strings;
			sourceTree = "<group>";
		};
/* End PBXVariantGroup section */

/* Begin XCBuildConfiguration section */
		2633632218D2334E0033BC76 /* Debug */ = {
			isa = XCBuildConfiguration;
			buildSettings = {
				ALWAYS_SEARCH_USER_PATHS = NO;
				CLANG_CXX_LANGUAGE_STANDARD = "gnu++0x";
				CLANG_CXX_LIBRARY = "libc++";
				CLANG_ENABLE_MODULES = YES;
				CLANG_ENABLE_OBJC_ARC = YES;
				CLANG_WARN_BOOL_CONVERSION = YES;
				CLANG_WARN_CONSTANT_CONVERSION = YES;
				CLANG_WARN_DIRECT_OBJC_ISA_USAGE = YES_ERROR;
				CLANG_WARN_EMPTY_BODY = YES;
				CLANG_WARN_ENUM_CONVERSION = YES;
				CLANG_WARN_INT_CONVERSION = YES;
				CLANG_WARN_OBJC_ROOT_CLASS = YES_ERROR;
				CLANG_WARN__DUPLICATE_METHOD_MATCH = YES;
				"CODE_SIGN_IDENTITY[sdk=iphoneos*]" = "iPhone Developer";
				COPY_PHASE_STRIP = NO;
				GCC_C_LANGUAGE_STANDARD = gnu99;
				GCC_DYNAMIC_NO_PIC = NO;
				GCC_OPTIMIZATION_LEVEL = 0;
				GCC_PREPROCESSOR_DEFINITIONS = (
					"DEBUG=1",
					"$(inherited)",
				);
				GCC_SYMBOLS_PRIVATE_EXTERN = NO;
				GCC_WARN_64_TO_32_BIT_CONVERSION = YES;
				GCC_WARN_ABOUT_RETURN_TYPE = YES_ERROR;
				GCC_WARN_UNDECLARED_SELECTOR = YES;
				GCC_WARN_UNINITIALIZED_AUTOS = YES_AGGRESSIVE;
				GCC_WARN_UNUSED_FUNCTION = YES;
				GCC_WARN_UNUSED_VARIABLE = YES;
				IPHONEOS_DEPLOYMENT_TARGET = 7.1;
				ONLY_ACTIVE_ARCH = YES;
				SDKROOT = iphoneos;
			};
			name = Debug;
		};
		2633632318D2334E0033BC76 /* Release */ = {
			isa = XCBuildConfiguration;
			buildSettings = {
				ALWAYS_SEARCH_USER_PATHS = NO;
				CLANG_CXX_LANGUAGE_STANDARD = "gnu++0x";
				CLANG_CXX_LIBRARY = "libc++";
				CLANG_ENABLE_MODULES = YES;
				CLANG_ENABLE_OBJC_ARC = YES;
				CLANG_WARN_BOOL_CONVERSION = YES;
				CLANG_WARN_CONSTANT_CONVERSION = YES;
				CLANG_WARN_DIRECT_OBJC_ISA_USAGE = YES_ERROR;
				CLANG_WARN_EMPTY_BODY = YES;
				CLANG_WARN_ENUM_CONVERSION = YES;
				CLANG_WARN_INT_CONVERSION = YES;
				CLANG_WARN_OBJC_ROOT_CLASS = YES_ERROR;
				CLANG_WARN__DUPLICATE_METHOD_MATCH = YES;
				"CODE_SIGN_IDENTITY[sdk=iphoneos*]" = "iPhone Developer";
				COPY_PHASE_STRIP = YES;
				ENABLE_NS_ASSERTIONS = NO;
				GCC_C_LANGUAGE_STANDARD = gnu99;
				GCC_WARN_64_TO_32_BIT_CONVERSION = YES;
				GCC_WARN_ABOUT_RETURN_TYPE = YES_ERROR;
				GCC_WARN_UNDECLARED_SELECTOR = YES;
				GCC_WARN_UNINITIALIZED_AUTOS = YES_AGGRESSIVE;
				GCC_WARN_UNUSED_FUNCTION = YES;
				GCC_WARN_UNUSED_VARIABLE = YES;
				IPHONEOS_DEPLOYMENT_TARGET = 7.1;
				SDKROOT = iphoneos;
				VALIDATE_PRODUCT = YES;
			};
			name = Release;
		};
		2633632518D2334E0033BC76 /* Debug */ = {
			isa = XCBuildConfiguration;
			buildSettings = {
				ASSETCATALOG_COMPILER_APPICON_NAME = AppIcon;
				ASSETCATALOG_COMPILER_LAUNCHIMAGE_NAME = LaunchImage;
				GCC_PRECOMPILE_PREFIX_HEADER = YES;
				GCC_PREFIX_HEADER = "TicTacToe/TicTacToe-Prefix.pch";
				INFOPLIST_FILE = "TicTacToe/TicTacToe-Info.plist";
				PRODUCT_NAME = "$(TARGET_NAME)";
				WRAPPER_EXTENSION = app;
			};
			name = Debug;
		};
		2633632618D2334E0033BC76 /* Release */ = {
			isa = XCBuildConfiguration;
			buildSettings = {
				ASSETCATALOG_COMPILER_APPICON_NAME = AppIcon;
				ASSETCATALOG_COMPILER_LAUNCHIMAGE_NAME = LaunchImage;
				GCC_PRECOMPILE_PREFIX_HEADER = YES;
				GCC_PREFIX_HEADER = "TicTacToe/TicTacToe-Prefix.pch";
				INFOPLIST_FILE = "TicTacToe/TicTacToe-Info.plist";
				PRODUCT_NAME = "$(TARGET_NAME)";
				WRAPPER_EXTENSION = app;
			};
			name = Release;
		};
		2633632818D2334E0033BC76 /* Debug */ = {
			isa = XCBuildConfiguration;
			buildSettings = {
				BUNDLE_LOADER = "$(BUILT_PRODUCTS_DIR)/TicTacToe.app/TicTacToe";
				FRAMEWORK_SEARCH_PATHS = (
					"$(SDKROOT)/Developer/Library/Frameworks",
					"$(inherited)",
					"$(DEVELOPER_FRAMEWORKS_DIR)",
				);
				GCC_PRECOMPILE_PREFIX_HEADER = YES;
				GCC_PREFIX_HEADER = "TicTacToe/TicTacToe-Prefix.pch";
				GCC_PREPROCESSOR_DEFINITIONS = (
					"DEBUG=1",
					"$(inherited)",
				);
				INFOPLIST_FILE = "TicTacToeTests/TicTacToeTests-Info.plist";
				PRODUCT_NAME = "$(TARGET_NAME)";
				TEST_HOST = "$(BUNDLE_LOADER)";
				WRAPPER_EXTENSION = xctest;
			};
			name = Debug;
		};
		2633632918D2334E0033BC76 /* Release */ = {
			isa = XCBuildConfiguration;
			buildSettings = {
				BUNDLE_LOADER = "$(BUILT_PRODUCTS_DIR)/TicTacToe.app/TicTacToe";
				FRAMEWORK_SEARCH_PATHS = (
					"$(SDKROOT)/Developer/Library/Frameworks",
					"$(inherited)",
					"$(DEVELOPER_FRAMEWORKS_DIR)",
				);
				GCC_PRECOMPILE_PREFIX_HEADER = YES;
				GCC_PREFIX_HEADER = "TicTacToe/TicTacToe-Prefix.pch";
				INFOPLIST_FILE = "TicTacToeTests/TicTacToeTests-Info.plist";
				PRODUCT_NAME = "$(TARGET_NAME)";
				TEST_HOST = "$(BUNDLE_LOADER)";
				WRAPPER_EXTENSION = xctest;
			};
			name = Release;
		};
/* End XCBuildConfiguration section */

/* Begin XCConfigurationList section */
		263362ED18D2334E0033BC76 /* Build configuration list for PBXProject "TicTacToe" */ = {
			isa = XCConfigurationList;
			buildConfigurations = (
				2633632218D2334E0033BC76 /* Debug */,
				2633632318D2334E0033BC76 /* Release */,
			);
			defaultConfigurationIsVisible = 0;
			defaultConfigurationName = Release;
		};
		2633632418D2334E0033BC76 /* Build configuration list for PBXNativeTarget "TicTacToe" */ = {
			isa = XCConfigurationList;
			buildConfigurations = (
				2633632518D2334E0033BC76 /* Debug */,
				2633632618D2334E0033BC76 /* Release */,
			);
			defaultConfigurationIsVisible = 0;
		};
		2633632718D2334E0033BC76 /* Build configuration list for PBXNativeTarget "TicTacToeTests" */ = {
			isa = XCConfigurationList;
			buildConfigurations = (
				2633632818D2334E0033BC76 /* Debug */,
				2633632918D2334E0033BC76 /* Release */,
			);
			defaultConfigurationIsVisible = 0;
		};
/* End XCConfigurationList section */
	};
	rootObject = 263362EA18D2334E0033BC76 /* Project object */;
}
